{
  "object": {
    "pins": [
      {
        "package": "Beet",
        "repositoryURL": "https://github.com/metaplex-foundation/beet-swift.git",
        "state": {
          "branch": null,
          "revision": "e4708bf28b55ce42727006c1cb7882f069d07bd8",
          "version": "1.0.7"
        }
      },
      {
        "package": "secp256k1",
        "repositoryURL": "https://github.com/Boilertalk/secp256k1.swift.git",
        "state": {
          "branch": null,
          "revision": "cd187c632fb812fd93711a9f7e644adb7e5f97f0",
          "version": "0.1.7"
        }
      },
      {
        "package": "Starscream",
        "repositoryURL": "https://github.com/daltoniam/Starscream.git",
        "state": {
          "branch": null,
          "revision": "c6bfd1af48efcc9a9ad203665db12375ba6b145a",
          "version": "4.0.8"
        }
      },
      {
        "package": "SwiftDocCPlugin",
        "repositoryURL": "https://github.com/apple/swift-docc-plugin",
        "state": {
          "branch": null,
          "revision": "d1691545d53581400b1de9b0472d45eb25c19fed",
          "version": "1.4.4"
        }
      },
      {
        "package": "SymbolKit",
        "repositoryURL": "https://github.com/swiftlang/swift-docc-symbolkit",
        "state": {
          "branch": null,
          "revision": "b45d1f2ed151d057b54504d653e0da5552844e34",
          "version": "1.0.0"
        }
      },
      {
        "package": "TweetNacl",
        "repositoryURL": "https://github.com/bitmark-inc/tweetnacl-swiftwrap.git",
        "state": {
          "branch": null,
          "revision": "f8fd111642bf2336b11ef9ea828510693106e954",
          "version": "1.1.0"
        }
      }
    ]
  },
  "version": 1
}
